
Microsoft Visual Studio Solution File, Format Version 12.00
# Visual Studio Version 16
VisualStudioVersion = 16.0.30309.148
MinimumVisualStudioVersion = 10.0.40219.1
Project("{FAE04EC0-301F-11D3-BF4B-00C04F79EFBC}") = "KonstructionUI", "KonstructionUI.csproj", "{D487F008-632D-41C3-8827-7711EAE23D15}"
EndProject
Global
	GlobalSection(SolutionConfigurationPlatforms) = preSolution
		Debug|Any CPU = Debug|Any CPU
		Release|Any CPU = Release|Any CPU
	EndGlobalSection
	GlobalSection(ProjectConfigurationPlatforms) = postSolution
		{D487F008-632D-41C3-8827-7711EAE23D15}.Debug|Any CPU.ActiveCfg = Debug|Any CPU
		{D487F008-632D-41C3-8827-7711EAE23D15}.Debug|Any CPU.Build.0 = Debug|Any CPU
		{D487F008-632D-41C3-8827-7711EAE23D15}.Release|Any CPU.ActiveCfg = Release|Any CPU
		{D487F008-632D-41C3-8827-7711EAE23D15}.Release|Any CPU.Build.0 = Release|Any CPU
	EndGlobalSection
	GlobalSection(SolutionProperties) = preSolution
		HideSolutionNode = FALSE
	EndGlobalSection
	GlobalSection(ExtensibilityGlobals) = postSolution
		SolutionGuid = {3EA8C623-7766-4B18-A8F7-B6CF7AC04968}
	EndGlobalSection
EndGlobal
