
Microsoft Visual Studio Solution File, Format Version 12.00
# Visual Studio Version 16
VisualStudioVersion = 16.0.30804.86
MinimumVisualStudioVersion = 10.0.40219.1
Project("{FAE04EC0-301F-11D3-BF4B-00C04F79EFBC}") = "Konstruction", "Konstruction\Konstruction.csproj", "{8699BBCB-15F3-40C6-A001-46E08886360C}"
EndProject
Project("{FAE04EC0-301F-11D3-BF4B-00C04F79EFBC}") = "KonstructionUI", "KonstructionUI\KonstructionUI.csproj", "{D487F008-632D-41C3-8827-7711EAE23D15}"
EndProject
Global
	GlobalSection(SolutionConfigurationPlatforms) = preSolution
		Debug|Any CPU = Debug|Any CPU
		Release|Any CPU = Release|Any CPU
	EndGlobalSection
	GlobalSection(ProjectConfigurationPlatforms) = postSolution
		{8699BBCB-15F3-40C6-A001-46E08886360C}.Debug|Any CPU.ActiveCfg = Debug|Any CPU
		{8699BBCB-15F3-40C6-A001-46E08886360C}.Debug|Any CPU.Build.0 = Debug|Any CPU
		{8699BBCB-15F3-40C6-A001-46E08886360C}.Release|Any CPU.ActiveCfg = Release|Any CPU
		{8699BBCB-15F3-40C6-A001-46E08886360C}.Release|Any CPU.Build.0 = Release|Any CPU
		{D487F008-632D-41C3-8827-7711EAE23D15}.Debug|Any CPU.ActiveCfg = Debug|Any CPU
		{D487F008-632D-41C3-8827-7711EAE23D15}.Debug|Any CPU.Build.0 = Debug|Any CPU
		{D487F008-632D-41C3-8827-7711EAE23D15}.Release|Any CPU.ActiveCfg = Release|Any CPU
		{D487F008-632D-41C3-8827-7711EAE23D15}.Release|Any CPU.Build.0 = Release|Any CPU
	EndGlobalSection
	GlobalSection(SolutionProperties) = preSolution
		HideSolutionNode = FALSE
	EndGlobalSection
	GlobalSection(ExtensibilityGlobals) = postSolution
		SolutionGuid = {52BFF368-52CE-4EEB-B3B7-4C568AFCFC80}
	EndGlobalSection
EndGlobal
